
Microsoft Visual Studio Solution File, Format Version 12.00
# Visual Studio Version 16
VisualStudioVersion = 16.0.30204.135
MinimumVisualStudioVersion = 10.0.40219.1
Project("{FAE04EC0-301F-11D3-BF4B-00C04F79EFBC}") = "M2BusBooking", "NewBusBooking\M2BusBooking.csproj", "{604A5DAC-4405-4819-8BF0-0A305E6D555C}"
EndProject
Global
	GlobalSection(SolutionConfigurationPlatforms) = preSolution
		Debug|Any CPU = Debug|Any CPU
		Release|Any CPU = Release|Any CPU
	EndGlobalSection
	GlobalSection(ProjectConfigurationPlatforms) = postSolution
		{604A5DAC-4405-4819-8BF0-0A305E6D555C}.Debug|Any CPU.ActiveCfg = Debug|Any CPU
		{604A5DAC-4405-4819-8BF0-0A305E6D555C}.Debug|Any CPU.Build.0 = Debug|Any CPU
		{604A5DAC-4405-4819-8BF0-0A305E6D555C}.Release|Any CPU.ActiveCfg = Release|Any CPU
		{604A5DAC-4405-4819-8BF0-0A305E6D555C}.Release|Any CPU.Build.0 = Release|Any CPU
	EndGlobalSection
	GlobalSection(SolutionProperties) = preSolution
		HideSolutionNode = FALSE
	EndGlobalSection
	GlobalSection(ExtensibilityGlobals) = postSolution
		SolutionGuid = {AE5F5C35-5090-47FE-9E11-510E89D08DAD}
	EndGlobalSection
EndGlobal
